
Microsoft Visual Studio Solution File, Format Version 12.00
# Visual Studio Version 17
Project("{8BC9CEB8-8B4A-11D0-8D11-00A0C91BC942}") = "ALL_BUILD", "ALL_BUILD.vcxproj", "{120D2E74-9378-3BA8-A370-1EDC3ED344D8}"
	ProjectSection(ProjectDependencies) = postProject
		{8C9DD856-F454-329D-8572-887AADD10B7C} = {8C9DD856-F454-329D-8572-887AADD10B7C}
		{3A0AD339-C52E-35B0-992C-EA05A00C0E56} = {3A0AD339-C52E-35B0-992C-EA05A00C0E56}
		{C57B1B9A-5411-320E-A0F1-7C78EBCCD7BD} = {C57B1B9A-5411-320E-A0F1-7C78EBCCD7BD}
		{DD68DA92-C2B6-351E-9E9C-5053C43DBE09} = {DD68DA92-C2B6-351E-9E9C-5053C43DBE09}
		{A83B1E8D-66F7-3837-880A-6F14952CE81D} = {A83B1E8D-66F7-3837-880A-6F14952CE81D}
	EndProjectSection
EndProject
Project("{8BC9CEB8-8B4A-11D0-8D11-00A0C91BC942}") = "ZERO_CHECK", "ZERO_CHECK.vcxproj", "{8C9DD856-F454-329D-8572-887AADD10B7C}"
	ProjectSection(ProjectDependencies) = postProject
	EndProjectSection
EndProject
Project("{8BC9CEB8-8B4A-11D0-8D11-00A0C91BC942}") = "gtest", "gtest\gtest.vcxproj", "{3A0AD339-C52E-35B0-992C-EA05A00C0E56}"
	ProjectSection(ProjectDependencies) = postProject
		{8C9DD856-F454-329D-8572-887AADD10B7C} = {8C9DD856-F454-329D-8572-887AADD10B7C}
	EndProjectSection
EndProject
Project("{8BC9CEB8-8B4A-11D0-8D11-00A0C91BC942}") = "main", "Polinom\main.vcxproj", "{C57B1B9A-5411-320E-A0F1-7C78EBCCD7BD}"
	ProjectSection(ProjectDependencies) = postProject
		{8C9DD856-F454-329D-8572-887AADD10B7C} = {8C9DD856-F454-329D-8572-887AADD10B7C}
		{DD68DA92-C2B6-351E-9E9C-5053C43DBE09} = {DD68DA92-C2B6-351E-9E9C-5053C43DBE09}
	EndProjectSection
EndProject
Project("{8BC9CEB8-8B4A-11D0-8D11-00A0C91BC942}") = "mylibrary", "mylibrary\mylibrary.vcxproj", "{DD68DA92-C2B6-351E-9E9C-5053C43DBE09}"
	ProjectSection(ProjectDependencies) = postProject
		{8C9DD856-F454-329D-8572-887AADD10B7C} = {8C9DD856-F454-329D-8572-887AADD10B7C}
	EndProjectSection
EndProject
Project("{8BC9CEB8-8B4A-11D0-8D11-00A0C91BC942}") = "test", "test\test.vcxproj", "{A83B1E8D-66F7-3837-880A-6F14952CE81D}"
	ProjectSection(ProjectDependencies) = postProject
		{8C9DD856-F454-329D-8572-887AADD10B7C} = {8C9DD856-F454-329D-8572-887AADD10B7C}
		{3A0AD339-C52E-35B0-992C-EA05A00C0E56} = {3A0AD339-C52E-35B0-992C-EA05A00C0E56}
		{DD68DA92-C2B6-351E-9E9C-5053C43DBE09} = {DD68DA92-C2B6-351E-9E9C-5053C43DBE09}
	EndProjectSection
EndProject
Global
	GlobalSection(SolutionConfigurationPlatforms) = preSolution
		Debug|x64 = Debug|x64
		Release|x64 = Release|x64
		MinSizeRel|x64 = MinSizeRel|x64
		RelWithDebInfo|x64 = RelWithDebInfo|x64
	EndGlobalSection
	GlobalSection(ProjectConfigurationPlatforms) = postSolution
		{120D2E74-9378-3BA8-A370-1EDC3ED344D8}.Debug|x64.ActiveCfg = Debug|x64
		{120D2E74-9378-3BA8-A370-1EDC3ED344D8}.Release|x64.ActiveCfg = Release|x64
		{120D2E74-9378-3BA8-A370-1EDC3ED344D8}.MinSizeRel|x64.ActiveCfg = MinSizeRel|x64
		{120D2E74-9378-3BA8-A370-1EDC3ED344D8}.RelWithDebInfo|x64.ActiveCfg = RelWithDebInfo|x64
		{8C9DD856-F454-329D-8572-887AADD10B7C}.Debug|x64.ActiveCfg = Debug|x64
		{8C9DD856-F454-329D-8572-887AADD10B7C}.Debug|x64.Build.0 = Debug|x64
		{8C9DD856-F454-329D-8572-887AADD10B7C}.Release|x64.ActiveCfg = Release|x64
		{8C9DD856-F454-329D-8572-887AADD10B7C}.Release|x64.Build.0 = Release|x64
		{8C9DD856-F454-329D-8572-887AADD10B7C}.MinSizeRel|x64.ActiveCfg = MinSizeRel|x64
		{8C9DD856-F454-329D-8572-887AADD10B7C}.MinSizeRel|x64.Build.0 = MinSizeRel|x64
		{8C9DD856-F454-329D-8572-887AADD10B7C}.RelWithDebInfo|x64.ActiveCfg = RelWithDebInfo|x64
		{8C9DD856-F454-329D-8572-887AADD10B7C}.RelWithDebInfo|x64.Build.0 = RelWithDebInfo|x64
		{3A0AD339-C52E-35B0-992C-EA05A00C0E56}.Debug|x64.ActiveCfg = Debug|x64
		{3A0AD339-C52E-35B0-992C-EA05A00C0E56}.Debug|x64.Build.0 = Debug|x64
		{3A0AD339-C52E-35B0-992C-EA05A00C0E56}.Release|x64.ActiveCfg = Release|x64
		{3A0AD339-C52E-35B0-992C-EA05A00C0E56}.Release|x64.Build.0 = Release|x64
		{3A0AD339-C52E-35B0-992C-EA05A00C0E56}.MinSizeRel|x64.ActiveCfg = MinSizeRel|x64
		{3A0AD339-C52E-35B0-992C-EA05A00C0E56}.MinSizeRel|x64.Build.0 = MinSizeRel|x64
		{3A0AD339-C52E-35B0-992C-EA05A00C0E56}.RelWithDebInfo|x64.ActiveCfg = RelWithDebInfo|x64
		{3A0AD339-C52E-35B0-992C-EA05A00C0E56}.RelWithDebInfo|x64.Build.0 = RelWithDebInfo|x64
		{C57B1B9A-5411-320E-A0F1-7C78EBCCD7BD}.Debug|x64.ActiveCfg = Debug|x64
		{C57B1B9A-5411-320E-A0F1-7C78EBCCD7BD}.Debug|x64.Build.0 = Debug|x64
		{C57B1B9A-5411-320E-A0F1-7C78EBCCD7BD}.Release|x64.ActiveCfg = Release|x64
		{C57B1B9A-5411-320E-A0F1-7C78EBCCD7BD}.Release|x64.Build.0 = Release|x64
		{C57B1B9A-5411-320E-A0F1-7C78EBCCD7BD}.MinSizeRel|x64.ActiveCfg = MinSizeRel|x64
		{C57B1B9A-5411-320E-A0F1-7C78EBCCD7BD}.MinSizeRel|x64.Build.0 = MinSizeRel|x64
		{C57B1B9A-5411-320E-A0F1-7C78EBCCD7BD}.RelWithDebInfo|x64.ActiveCfg = RelWithDebInfo|x64
		{C57B1B9A-5411-320E-A0F1-7C78EBCCD7BD}.RelWithDebInfo|x64.Build.0 = RelWithDebInfo|x64
		{DD68DA92-C2B6-351E-9E9C-5053C43DBE09}.Debug|x64.ActiveCfg = Debug|x64
		{DD68DA92-C2B6-351E-9E9C-5053C43DBE09}.Debug|x64.Build.0 = Debug|x64
		{DD68DA92-C2B6-351E-9E9C-5053C43DBE09}.Release|x64.ActiveCfg = Release|x64
		{DD68DA92-C2B6-351E-9E9C-5053C43DBE09}.Release|x64.Build.0 = Release|x64
		{DD68DA92-C2B6-351E-9E9C-5053C43DBE09}.MinSizeRel|x64.ActiveCfg = MinSizeRel|x64
		{DD68DA92-C2B6-351E-9E9C-5053C43DBE09}.MinSizeRel|x64.Build.0 = MinSizeRel|x64
		{DD68DA92-C2B6-351E-9E9C-5053C43DBE09}.RelWithDebInfo|x64.ActiveCfg = RelWithDebInfo|x64
		{DD68DA92-C2B6-351E-9E9C-5053C43DBE09}.RelWithDebInfo|x64.Build.0 = RelWithDebInfo|x64
		{A83B1E8D-66F7-3837-880A-6F14952CE81D}.Debug|x64.ActiveCfg = Debug|x64
		{A83B1E8D-66F7-3837-880A-6F14952CE81D}.Debug|x64.Build.0 = Debug|x64
		{A83B1E8D-66F7-3837-880A-6F14952CE81D}.Release|x64.ActiveCfg = Release|x64
		{A83B1E8D-66F7-3837-880A-6F14952CE81D}.Release|x64.Build.0 = Release|x64
		{A83B1E8D-66F7-3837-880A-6F14952CE81D}.MinSizeRel|x64.ActiveCfg = MinSizeRel|x64
		{A83B1E8D-66F7-3837-880A-6F14952CE81D}.MinSizeRel|x64.Build.0 = MinSizeRel|x64
		{A83B1E8D-66F7-3837-880A-6F14952CE81D}.RelWithDebInfo|x64.ActiveCfg = RelWithDebInfo|x64
		{A83B1E8D-66F7-3837-880A-6F14952CE81D}.RelWithDebInfo|x64.Build.0 = RelWithDebInfo|x64
	EndGlobalSection
	GlobalSection(ExtensibilityGlobals) = postSolution
		SolutionGuid = {85BB17E4-AAE9-386D-B529-5B7F44A9AEF7}
	EndGlobalSection
	GlobalSection(ExtensibilityAddIns) = postSolution
	EndGlobalSection
EndGlobal
